
Microsoft Visual Studio Solution File, Format Version 12.00
# Visual Studio Version 16
VisualStudioVersion = 16.0.31515.178
MinimumVisualStudioVersion = 10.0.40219.1
Project("{FAE04EC0-301F-11D3-BF4B-00C04F79EFBC}") = "SecretsStorage", "SecretsStorage\SecretsStorage.csproj", "{A2CFC1EF-F408-4A64-9FDC-6D892B96EB44}"
EndProject
Global
	GlobalSection(SolutionConfigurationPlatforms) = preSolution
		Debug|Any CPU = Debug|Any CPU
		Release|Any CPU = Release|Any CPU
	EndGlobalSection
	GlobalSection(ProjectConfigurationPlatforms) = postSolution
		{A2CFC1EF-F408-4A64-9FDC-6D892B96EB44}.Debug|Any CPU.ActiveCfg = Debug|Any CPU
		{A2CFC1EF-F408-4A64-9FDC-6D892B96EB44}.Debug|Any CPU.Build.0 = Debug|Any CPU
		{A2CFC1EF-F408-4A64-9FDC-6D892B96EB44}.Release|Any CPU.ActiveCfg = Release|Any CPU
		{A2CFC1EF-F408-4A64-9FDC-6D892B96EB44}.Release|Any CPU.Build.0 = Release|Any CPU
	EndGlobalSection
	GlobalSection(SolutionProperties) = preSolution
		HideSolutionNode = FALSE
	EndGlobalSection
	GlobalSection(ExtensibilityGlobals) = postSolution
		SolutionGuid = {68D2802D-1DC7-4DAF-9078-13FB23B68A9B}
	EndGlobalSection
EndGlobal
